// !$*UTF8*$!
{
	archiveVersion = 1;
	classes = {
	};
	objectVersion = 55;
	objects = {

/* Begin PBXBuildFile section */
		6F0CD0A7289C564C000637CE /* CoffeeCuratorsViewModel.swift in Sources */ = {isa = PBXBuildFile; fileRef = 6F0CD0A6289C564C000637CE /* CoffeeCuratorsViewModel.swift */; };
		6F8A12A928A19CF6002B9837 /* PhotoPicker.swift in Sources */ = {isa = PBXBuildFile; fileRef = 6F8A12A828A19CF6002B9837 /* PhotoPicker.swift */; };
		6F8A12AB28A19D1D002B9837 /* ProfilePhotoSelectorView.swift in Sources */ = {isa = PBXBuildFile; fileRef = 6F8A12AA28A19D1D002B9837 /* ProfilePhotoSelectorView.swift */; };
		6F8A12AD28A19D35002B9837 /* PhotoUploader.swift in Sources */ = {isa = PBXBuildFile; fileRef = 6F8A12AC28A19D35002B9837 /* PhotoUploader.swift */; };
		6F8A12B028A1A883002B9837 /* Kingfisher in Frameworks */ = {isa = PBXBuildFile; productRef = 6F8A12AF28A1A883002B9837 /* Kingfisher */; };
		6FF8F870289B1488004FB90E /* ZeroPageView.swift in Sources */ = {isa = PBXBuildFile; fileRef = 6FF8F86F289B1488004FB90E /* ZeroPageView.swift */; };
		6FF8F872289B2377004FB90E /* SignInView.swift in Sources */ = {isa = PBXBuildFile; fileRef = 6FF8F871289B2376004FB90E /* SignInView.swift */; };
		6FF8F874289B271C004FB90E /* SignUpView.swift in Sources */ = {isa = PBXBuildFile; fileRef = 6FF8F873289B271B004FB90E /* SignUpView.swift */; };
		6FF8F87D289C2C44004FB90E /* FirebaseAuth in Frameworks */ = {isa = PBXBuildFile; productRef = 6FF8F87C289C2C44004FB90E /* FirebaseAuth */; };
		6FF8F87F289C2C44004FB90E /* FirebaseAuthCombine-Community in Frameworks */ = {isa = PBXBuildFile; productRef = 6FF8F87E289C2C44004FB90E /* FirebaseAuthCombine-Community */; };
		6FF8F881289C2C44004FB90E /* FirebaseDatabase in Frameworks */ = {isa = PBXBuildFile; productRef = 6FF8F880289C2C44004FB90E /* FirebaseDatabase */; };
		6FF8F883289C2C44004FB90E /* FirebaseDatabaseSwift in Frameworks */ = {isa = PBXBuildFile; productRef = 6FF8F882289C2C44004FB90E /* FirebaseDatabaseSwift */; };
		6FF8F885289C2C44004FB90E /* FirebaseFirestore in Frameworks */ = {isa = PBXBuildFile; productRef = 6FF8F884289C2C44004FB90E /* FirebaseFirestore */; };
		6FF8F887289C2C44004FB90E /* FirebaseFirestoreCombine-Community in Frameworks */ = {isa = PBXBuildFile; productRef = 6FF8F886289C2C44004FB90E /* FirebaseFirestoreCombine-Community */; };
		6FF8F889289C2C44004FB90E /* FirebaseFirestoreSwift in Frameworks */ = {isa = PBXBuildFile; productRef = 6FF8F888289C2C44004FB90E /* FirebaseFirestoreSwift */; };
		6FF8F88B289C2C44004FB90E /* FirebaseFunctions in Frameworks */ = {isa = PBXBuildFile; productRef = 6FF8F88A289C2C44004FB90E /* FirebaseFunctions */; };
		6FF8F88D289C2C44004FB90E /* FirebaseFunctionsCombine-Community in Frameworks */ = {isa = PBXBuildFile; productRef = 6FF8F88C289C2C44004FB90E /* FirebaseFunctionsCombine-Community */; };
		6FF8F88F289C2C44004FB90E /* FirebaseStorage in Frameworks */ = {isa = PBXBuildFile; productRef = 6FF8F88E289C2C44004FB90E /* FirebaseStorage */; };
		6FF8F893289C339D004FB90E /* GoogleService-Info.plist in Resources */ = {isa = PBXBuildFile; fileRef = 6FF8F892289C339D004FB90E /* GoogleService-Info.plist */; };
		B55CF36C289B34FC00E1E5B6 /* HomeView.swift in Sources */ = {isa = PBXBuildFile; fileRef = B55CF36B289B34FC00E1E5B6 /* HomeView.swift */; };
		B5665ED12899999200A7942F /* CoffeeCuratorApp.swift in Sources */ = {isa = PBXBuildFile; fileRef = B5665ED02899999200A7942F /* CoffeeCuratorApp.swift */; };
		B5665ED32899999200A7942F /* ContentView.swift in Sources */ = {isa = PBXBuildFile; fileRef = B5665ED22899999200A7942F /* ContentView.swift */; };
		B5665ED52899999400A7942F /* Assets.xcassets in Resources */ = {isa = PBXBuildFile; fileRef = B5665ED42899999400A7942F /* Assets.xcassets */; };
		B5665ED82899999400A7942F /* Preview Assets.xcassets in Resources */ = {isa = PBXBuildFile; fileRef = B5665ED72899999400A7942F /* Preview Assets.xcassets */; };
		B57B49DA289C2902004370E8 /* FavoriteRecipes.swift in Sources */ = {isa = PBXBuildFile; fileRef = B57B49D9289C2902004370E8 /* FavoriteRecipes.swift */; };
		B57B49DC289C3250004370E8 /* ProfileView.swift in Sources */ = {isa = PBXBuildFile; fileRef = B57B49DB289C3250004370E8 /* ProfileView.swift */; };
		B57B4A0C28A1AEAE004370E8 /* Cormorant-SemiBold.ttf in Resources */ = {isa = PBXBuildFile; fileRef = B57B4A0728A1A53F004370E8 /* Cormorant-SemiBold.ttf */; };
		B57B4A0D28A1AEDB004370E8 /* Cormorant-Regular.ttf in Resources */ = {isa = PBXBuildFile; fileRef = B57B4A0628A1A50C004370E8 /* Cormorant-Regular.ttf */; };
		B57B4A0E28A1AEE1004370E8 /* Cormorant-Italic.ttf in Resources */ = {isa = PBXBuildFile; fileRef = B57B4A0428A1A470004370E8 /* Cormorant-Italic.ttf */; };
		B57B4A0F28A1AEE7004370E8 /* Cormorant-Medium.ttf in Resources */ = {isa = PBXBuildFile; fileRef = B57B4A0528A1A4FF004370E8 /* Cormorant-Medium.ttf */; };
		B57B4A1028A1AEEB004370E8 /* Cormorant-Bold.ttf in Resources */ = {isa = PBXBuildFile; fileRef = B57B49E528A1A094004370E8 /* Cormorant-Bold.ttf */; };
		B57B4A1128A1AEEF004370E8 /* Cormorant-Light.ttf in Resources */ = {isa = PBXBuildFile; fileRef = B57B4A0928A1A5B2004370E8 /* Cormorant-Light.ttf */; };
		B668DC11289B14E800561322 /* NewRecipeView.swift in Sources */ = {isa = PBXBuildFile; fileRef = B668DC10289B14E800561322 /* NewRecipeView.swift */; };
		B668DC15289B232D00561322 /* RecipeDetailView.swift in Sources */ = {isa = PBXBuildFile; fileRef = B668DC14289B232D00561322 /* RecipeDetailView.swift */; };
		B668DC1B289C530700561322 /* RecipeDataStore.swift in Sources */ = {isa = PBXBuildFile; fileRef = B668DC1A289C530700561322 /* RecipeDataStore.swift */; };
		B668DC1D289C530E00561322 /* Models.swift in Sources */ = {isa = PBXBuildFile; fileRef = B668DC1C289C530E00561322 /* Models.swift */; };
		B668DC1F28A1997900561322 /* RecipeListCell.swift in Sources */ = {isa = PBXBuildFile; fileRef = B668DC1E28A1997900561322 /* RecipeListCell.swift */; };
/* End PBXBuildFile section */

/* Begin PBXFileReference section */
		6F0CD0A6289C564C000637CE /* CoffeeCuratorsViewModel.swift */ = {isa = PBXFileReference; lastKnownFileType = sourcecode.swift; path = CoffeeCuratorsViewModel.swift; sourceTree = "<group>"; };
		6F8A12A828A19CF6002B9837 /* PhotoPicker.swift */ = {isa = PBXFileReference; lastKnownFileType = sourcecode.swift; path = PhotoPicker.swift; sourceTree = "<group>"; };
		6F8A12AA28A19D1D002B9837 /* ProfilePhotoSelectorView.swift */ = {isa = PBXFileReference; lastKnownFileType = sourcecode.swift; path = ProfilePhotoSelectorView.swift; sourceTree = "<group>"; };
		6F8A12AC28A19D35002B9837 /* PhotoUploader.swift */ = {isa = PBXFileReference; lastKnownFileType = sourcecode.swift; path = PhotoUploader.swift; sourceTree = "<group>"; };
		6FF8F86F289B1488004FB90E /* ZeroPageView.swift */ = {isa = PBXFileReference; lastKnownFileType = sourcecode.swift; path = ZeroPageView.swift; sourceTree = "<group>"; };
		6FF8F871289B2376004FB90E /* SignInView.swift */ = {isa = PBXFileReference; lastKnownFileType = sourcecode.swift; path = SignInView.swift; sourceTree = "<group>"; };
		6FF8F873289B271B004FB90E /* SignUpView.swift */ = {isa = PBXFileReference; lastKnownFileType = sourcecode.swift; path = SignUpView.swift; sourceTree = "<group>"; };
		6FF8F892289C339D004FB90E /* GoogleService-Info.plist */ = {isa = PBXFileReference; fileEncoding = 4; lastKnownFileType = text.plist.xml; path = "GoogleService-Info.plist"; sourceTree = "<group>"; };
		B55CF36B289B34FC00E1E5B6 /* HomeView.swift */ = {isa = PBXFileReference; fileEncoding = 4; lastKnownFileType = sourcecode.swift; path = HomeView.swift; sourceTree = "<group>"; };
		B5665ECD2899999200A7942F /* CoffeeCurator.app */ = {isa = PBXFileReference; explicitFileType = wrapper.application; includeInIndex = 0; path = CoffeeCurator.app; sourceTree = BUILT_PRODUCTS_DIR; };
		B5665ED02899999200A7942F /* CoffeeCuratorApp.swift */ = {isa = PBXFileReference; lastKnownFileType = sourcecode.swift; path = CoffeeCuratorApp.swift; sourceTree = "<group>"; };
		B5665ED22899999200A7942F /* ContentView.swift */ = {isa = PBXFileReference; lastKnownFileType = sourcecode.swift; path = ContentView.swift; sourceTree = "<group>"; };
		B5665ED42899999400A7942F /* Assets.xcassets */ = {isa = PBXFileReference; lastKnownFileType = folder.assetcatalog; path = Assets.xcassets; sourceTree = "<group>"; };
		B5665ED72899999400A7942F /* Preview Assets.xcassets */ = {isa = PBXFileReference; lastKnownFileType = folder.assetcatalog; path = "Preview Assets.xcassets"; sourceTree = "<group>"; };
		B57B49D9289C2902004370E8 /* FavoriteRecipes.swift */ = {isa = PBXFileReference; lastKnownFileType = sourcecode.swift; path = FavoriteRecipes.swift; sourceTree = "<group>"; };
		B57B49DB289C3250004370E8 /* ProfileView.swift */ = {isa = PBXFileReference; lastKnownFileType = sourcecode.swift; path = ProfileView.swift; sourceTree = "<group>"; };
		B57B49DF28A19A23004370E8 /* Info.plist */ = {isa = PBXFileReference; lastKnownFileType = text.plist; path = Info.plist; sourceTree = "<group>"; };
		B57B49E528A1A094004370E8 /* Cormorant-Bold.ttf */ = {isa = PBXFileReference; lastKnownFileType = file; path = "Cormorant-Bold.ttf"; sourceTree = "<group>"; };
		B57B4A0428A1A470004370E8 /* Cormorant-Italic.ttf */ = {isa = PBXFileReference; lastKnownFileType = file; path = "Cormorant-Italic.ttf"; sourceTree = "<group>"; };
		B57B4A0528A1A4FF004370E8 /* Cormorant-Medium.ttf */ = {isa = PBXFileReference; lastKnownFileType = file; path = "Cormorant-Medium.ttf"; sourceTree = "<group>"; };
		B57B4A0628A1A50C004370E8 /* Cormorant-Regular.ttf */ = {isa = PBXFileReference; lastKnownFileType = file; path = "Cormorant-Regular.ttf"; sourceTree = "<group>"; };
		B57B4A0728A1A53F004370E8 /* Cormorant-SemiBold.ttf */ = {isa = PBXFileReference; lastKnownFileType = file; path = "Cormorant-SemiBold.ttf"; sourceTree = "<group>"; };
		B57B4A0928A1A5B2004370E8 /* Cormorant-Light.ttf */ = {isa = PBXFileReference; lastKnownFileType = file; path = "Cormorant-Light.ttf"; sourceTree = "<group>"; };
		B668DC10289B14E800561322 /* NewRecipeView.swift */ = {isa = PBXFileReference; lastKnownFileType = sourcecode.swift; path = NewRecipeView.swift; sourceTree = "<group>"; };
		B668DC14289B232D00561322 /* RecipeDetailView.swift */ = {isa = PBXFileReference; lastKnownFileType = sourcecode.swift; path = RecipeDetailView.swift; sourceTree = "<group>"; };
		B668DC1A289C530700561322 /* RecipeDataStore.swift */ = {isa = PBXFileReference; fileEncoding = 4; lastKnownFileType = sourcecode.swift; path = RecipeDataStore.swift; sourceTree = "<group>"; };
		B668DC1C289C530E00561322 /* Models.swift */ = {isa = PBXFileReference; fileEncoding = 4; lastKnownFileType = sourcecode.swift; path = Models.swift; sourceTree = "<group>"; };
		B668DC1E28A1997900561322 /* RecipeListCell.swift */ = {isa = PBXFileReference; lastKnownFileType = sourcecode.swift; path = RecipeListCell.swift; sourceTree = "<group>"; };
/* End PBXFileReference section */

/* Begin PBXFrameworksBuildPhase section */
		B5665ECA2899999200A7942F /* Frameworks */ = {
			isa = PBXFrameworksBuildPhase;
			buildActionMask = 2147483647;
			files = (
				6FF8F883289C2C44004FB90E /* FirebaseDatabaseSwift in Frameworks */,
				6FF8F881289C2C44004FB90E /* FirebaseDatabase in Frameworks */,
				6FF8F88D289C2C44004FB90E /* FirebaseFunctionsCombine-Community in Frameworks */,
				6FF8F88F289C2C44004FB90E /* FirebaseStorage in Frameworks */,
				6FF8F87D289C2C44004FB90E /* FirebaseAuth in Frameworks */,
				6FF8F88B289C2C44004FB90E /* FirebaseFunctions in Frameworks */,
				6FF8F889289C2C44004FB90E /* FirebaseFirestoreSwift in Frameworks */,
				6FF8F887289C2C44004FB90E /* FirebaseFirestoreCombine-Community in Frameworks */,
				6F8A12B028A1A883002B9837 /* Kingfisher in Frameworks */,
				6FF8F885289C2C44004FB90E /* FirebaseFirestore in Frameworks */,
				6FF8F87F289C2C44004FB90E /* FirebaseAuthCombine-Community in Frameworks */,
			);
			runOnlyForDeploymentPostprocessing = 0;
		};
/* End PBXFrameworksBuildPhase section */

/* Begin PBXGroup section */
		6F8A12A728A19CDA002B9837 /* PhotoHandler */ = {
			isa = PBXGroup;
			children = (
				6F8A12A828A19CF6002B9837 /* PhotoPicker.swift */,
				6F8A12AA28A19D1D002B9837 /* ProfilePhotoSelectorView.swift */,
				6F8A12AC28A19D35002B9837 /* PhotoUploader.swift */,
			);
			path = PhotoHandler;
			sourceTree = "<group>";
		};
		B5665EC42899999200A7942F = {
			isa = PBXGroup;
			children = (
				B5665ECF2899999200A7942F /* CoffeeCurator */,
				B5665ECE2899999200A7942F /* Products */,
			);
			sourceTree = "<group>";
		};
		B5665ECE2899999200A7942F /* Products */ = {
			isa = PBXGroup;
			children = (
				B5665ECD2899999200A7942F /* CoffeeCurator.app */,
			);
			name = Products;
			sourceTree = "<group>";
		};
		B5665ECF2899999200A7942F /* CoffeeCurator */ = {
			isa = PBXGroup;
			children = (
				B668DC3628A31C5200561322 /* ViewModels */,
				B668DC3528A31C3F00561322 /* Models */,
				B668DC3428A31C3400561322 /* Views */,
				6F8A12A728A19CDA002B9837 /* PhotoHandler */,
				B57B4A0828A1A56F004370E8 /* Fonts */,
				B57B49DF28A19A23004370E8 /* Info.plist */,
				B5665ED02899999200A7942F /* CoffeeCuratorApp.swift */,
				B5665ED42899999400A7942F /* Assets.xcassets */,
				6FF8F892289C339D004FB90E /* GoogleService-Info.plist */,
				B5665ED62899999400A7942F /* Preview Content */,
				B668DC1A289C530700561322 /* RecipeDataStore.swift */,
			);
			path = CoffeeCurator;
			sourceTree = "<group>";
		};
		B5665ED62899999400A7942F /* Preview Content */ = {
			isa = PBXGroup;
			children = (
				B5665ED72899999400A7942F /* Preview Assets.xcassets */,
			);
			path = "Preview Content";
			sourceTree = "<group>";
		};
		B57B4A0828A1A56F004370E8 /* Fonts */ = {
			isa = PBXGroup;
			children = (
				B57B49E528A1A094004370E8 /* Cormorant-Bold.ttf */,
				B57B4A0728A1A53F004370E8 /* Cormorant-SemiBold.ttf */,
				B57B4A0628A1A50C004370E8 /* Cormorant-Regular.ttf */,
				B57B4A0528A1A4FF004370E8 /* Cormorant-Medium.ttf */,
				B57B4A0428A1A470004370E8 /* Cormorant-Italic.ttf */,
				B57B4A0928A1A5B2004370E8 /* Cormorant-Light.ttf */,
			);
			path = Fonts;
			sourceTree = "<group>";
		};
		B668DC3428A31C3400561322 /* Views */ = {
			isa = PBXGroup;
			children = (
				6FF8F86F289B1488004FB90E /* ZeroPageView.swift */,
				B5665ED22899999200A7942F /* ContentView.swift */,
				6FF8F871289B2376004FB90E /* SignInView.swift */,
				B57B49D9289C2902004370E8 /* FavoriteRecipes.swift */,
				B55CF36B289B34FC00E1E5B6 /* HomeView.swift */,
				B57B49DB289C3250004370E8 /* ProfileView.swift */,
				6FF8F873289B271B004FB90E /* SignUpView.swift */,
				B668DC10289B14E800561322 /* NewRecipeView.swift */,
				B668DC14289B232D00561322 /* RecipeDetailView.swift */,
				B668DC3728A31C9000561322 /* CustomViews */,
			);
			path = Views;
			sourceTree = "<group>";
		};
		B668DC3528A31C3F00561322 /* Models */ = {
			isa = PBXGroup;
			children = (
				B668DC1C289C530E00561322 /* Models.swift */,
			);
			path = Models;
			sourceTree = "<group>";
		};
		B668DC3628A31C5200561322 /* ViewModels */ = {
			isa = PBXGroup;
			children = (
				6F0CD0A6289C564C000637CE /* CoffeeCuratorsViewModel.swift */,
			);
			path = ViewModels;
			sourceTree = "<group>";
		};
		B668DC3728A31C9000561322 /* CustomViews */ = {
			isa = PBXGroup;
			children = (
				B668DC1E28A1997900561322 /* RecipeListCell.swift */,
			);
			path = CustomViews;
			sourceTree = "<group>";
		};
/* End PBXGroup section */

/* Begin PBXNativeTarget section */
		B5665ECC2899999200A7942F /* CoffeeCurator */ = {
			isa = PBXNativeTarget;
			buildConfigurationList = B5665EDB2899999400A7942F /* Build configuration list for PBXNativeTarget "CoffeeCurator" */;
			buildPhases = (
				B5665EC92899999200A7942F /* Sources */,
				B5665ECA2899999200A7942F /* Frameworks */,
				B5665ECB2899999200A7942F /* Resources */,
			);
			buildRules = (
			);
			dependencies = (
			);
			name = CoffeeCurator;
			packageProductDependencies = (
				6FF8F87C289C2C44004FB90E /* FirebaseAuth */,
				6FF8F87E289C2C44004FB90E /* FirebaseAuthCombine-Community */,
				6FF8F880289C2C44004FB90E /* FirebaseDatabase */,
				6FF8F882289C2C44004FB90E /* FirebaseDatabaseSwift */,
				6FF8F884289C2C44004FB90E /* FirebaseFirestore */,
				6FF8F886289C2C44004FB90E /* FirebaseFirestoreCombine-Community */,
				6FF8F888289C2C44004FB90E /* FirebaseFirestoreSwift */,
				6FF8F88A289C2C44004FB90E /* FirebaseFunctions */,
				6FF8F88C289C2C44004FB90E /* FirebaseFunctionsCombine-Community */,
				6FF8F88E289C2C44004FB90E /* FirebaseStorage */,
				6F8A12AF28A1A883002B9837 /* Kingfisher */,
			);
			productName = CoffeeCurator;
			productReference = B5665ECD2899999200A7942F /* CoffeeCurator.app */;
			productType = "com.apple.product-type.application";
		};
/* End PBXNativeTarget section */

/* Begin PBXProject section */
		B5665EC52899999200A7942F /* Project object */ = {
			isa = PBXProject;
			attributes = {
				BuildIndependentTargetsInParallel = 1;
				LastSwiftUpdateCheck = 1340;
				LastUpgradeCheck = 1340;
				TargetAttributes = {
					B5665ECC2899999200A7942F = {
						CreatedOnToolsVersion = 13.4.1;
					};
				};
			};
			buildConfigurationList = B5665EC82899999200A7942F /* Build configuration list for PBXProject "CoffeeCurator" */;
			compatibilityVersion = "Xcode 13.0";
			developmentRegion = en;
			hasScannedForEncodings = 0;
			knownRegions = (
				en,
				Base,
			);
			mainGroup = B5665EC42899999200A7942F;
			packageReferences = (
				6FF8F87B289C2C44004FB90E /* XCRemoteSwiftPackageReference "firebase-ios-sdk" */,
				6F8A12AE28A1A883002B9837 /* XCRemoteSwiftPackageReference "Kingfisher" */,
			);
			productRefGroup = B5665ECE2899999200A7942F /* Products */;
			projectDirPath = "";
			projectRoot = "";
			targets = (
				B5665ECC2899999200A7942F /* CoffeeCurator */,
			);
		};
/* End PBXProject section */

/* Begin PBXResourcesBuildPhase section */
		B5665ECB2899999200A7942F /* Resources */ = {
			isa = PBXResourcesBuildPhase;
			buildActionMask = 2147483647;
			files = (
				B57B4A1128A1AEEF004370E8 /* Cormorant-Light.ttf in Resources */,
				B57B4A1028A1AEEB004370E8 /* Cormorant-Bold.ttf in Resources */,
				B57B4A0F28A1AEE7004370E8 /* Cormorant-Medium.ttf in Resources */,
				B57B4A0E28A1AEE1004370E8 /* Cormorant-Italic.ttf in Resources */,
				B57B4A0D28A1AEDB004370E8 /* Cormorant-Regular.ttf in Resources */,
				B57B4A0C28A1AEAE004370E8 /* Cormorant-SemiBold.ttf in Resources */,
				B5665ED82899999400A7942F /* Preview Assets.xcassets in Resources */,
				B5665ED52899999400A7942F /* Assets.xcassets in Resources */,
				6FF8F893289C339D004FB90E /* GoogleService-Info.plist in Resources */,
			);
			runOnlyForDeploymentPostprocessing = 0;
		};
/* End PBXResourcesBuildPhase section */

/* Begin PBXSourcesBuildPhase section */
		B5665EC92899999200A7942F /* Sources */ = {
			isa = PBXSourcesBuildPhase;
			buildActionMask = 2147483647;
			files = (
				6F8A12A928A19CF6002B9837 /* PhotoPicker.swift in Sources */,
				B668DC11289B14E800561322 /* NewRecipeView.swift in Sources */,
				6F0CD0A7289C564C000637CE /* CoffeeCuratorsViewModel.swift in Sources */,
				B668DC1D289C530E00561322 /* Models.swift in Sources */,
				6F8A12AD28A19D35002B9837 /* PhotoUploader.swift in Sources */,
				B5665ED32899999200A7942F /* ContentView.swift in Sources */,
				6FF8F874289B271C004FB90E /* SignUpView.swift in Sources */,
				B668DC1F28A1997900561322 /* RecipeListCell.swift in Sources */,
				B668DC1B289C530700561322 /* RecipeDataStore.swift in Sources */,
				B5665ED12899999200A7942F /* CoffeeCuratorApp.swift in Sources */,
				B55CF36C289B34FC00E1E5B6 /* HomeView.swift in Sources */,
				B57B49DC289C3250004370E8 /* ProfileView.swift in Sources */,
				B668DC15289B232D00561322 /* RecipeDetailView.swift in Sources */,
				6FF8F872289B2377004FB90E /* SignInView.swift in Sources */,
				6FF8F870289B1488004FB90E /* ZeroPageView.swift in Sources */,
				B57B49DA289C2902004370E8 /* FavoriteRecipes.swift in Sources */,
				6F8A12AB28A19D1D002B9837 /* ProfilePhotoSelectorView.swift in Sources */,
			);
			runOnlyForDeploymentPostprocessing = 0;
		};
/* End PBXSourcesBuildPhase section */

/* Begin XCBuildConfiguration section */
		B5665ED92899999400A7942F /* Debug */ = {
			isa = XCBuildConfiguration;
			buildSettings = {
				ALWAYS_SEARCH_USER_PATHS = NO;
				CLANG_ANALYZER_NONNULL = YES;
				CLANG_ANALYZER_NUMBER_OBJECT_CONVERSION = YES_AGGRESSIVE;
				CLANG_CXX_LANGUAGE_STANDARD = "gnu++17";
				CLANG_ENABLE_MODULES = YES;
				CLANG_ENABLE_OBJC_ARC = YES;
				CLANG_ENABLE_OBJC_WEAK = YES;
				CLANG_WARN_BLOCK_CAPTURE_AUTORELEASING = YES;
				CLANG_WARN_BOOL_CONVERSION = YES;
				CLANG_WARN_COMMA = YES;
				CLANG_WARN_CONSTANT_CONVERSION = YES;
				CLANG_WARN_DEPRECATED_OBJC_IMPLEMENTATIONS = YES;
				CLANG_WARN_DIRECT_OBJC_ISA_USAGE = YES_ERROR;
				CLANG_WARN_DOCUMENTATION_COMMENTS = YES;
				CLANG_WARN_EMPTY_BODY = YES;
				CLANG_WARN_ENUM_CONVERSION = YES;
				CLANG_WARN_INFINITE_RECURSION = YES;
				CLANG_WARN_INT_CONVERSION = YES;
				CLANG_WARN_NON_LITERAL_NULL_CONVERSION = YES;
				CLANG_WARN_OBJC_IMPLICIT_RETAIN_SELF = YES;
				CLANG_WARN_OBJC_LITERAL_CONVERSION = YES;
				CLANG_WARN_OBJC_ROOT_CLASS = YES_ERROR;
				CLANG_WARN_QUOTED_INCLUDE_IN_FRAMEWORK_HEADER = YES;
				CLANG_WARN_RANGE_LOOP_ANALYSIS = YES;
				CLANG_WARN_STRICT_PROTOTYPES = YES;
				CLANG_WARN_SUSPICIOUS_MOVE = YES;
				CLANG_WARN_UNGUARDED_AVAILABILITY = YES_AGGRESSIVE;
				CLANG_WARN_UNREACHABLE_CODE = YES;
				CLANG_WARN__DUPLICATE_METHOD_MATCH = YES;
				COPY_PHASE_STRIP = NO;
				DEBUG_INFORMATION_FORMAT = dwarf;
				ENABLE_STRICT_OBJC_MSGSEND = YES;
				ENABLE_TESTABILITY = YES;
				GCC_C_LANGUAGE_STANDARD = gnu11;
				GCC_DYNAMIC_NO_PIC = NO;
				GCC_NO_COMMON_BLOCKS = YES;
				GCC_OPTIMIZATION_LEVEL = 0;
				GCC_PREPROCESSOR_DEFINITIONS = (
					"DEBUG=1",
					"$(inherited)",
				);
				GCC_WARN_64_TO_32_BIT_CONVERSION = YES;
				GCC_WARN_ABOUT_RETURN_TYPE = YES_ERROR;
				GCC_WARN_UNDECLARED_SELECTOR = YES;
				GCC_WARN_UNINITIALIZED_AUTOS = YES_AGGRESSIVE;
				GCC_WARN_UNUSED_FUNCTION = YES;
				GCC_WARN_UNUSED_VARIABLE = YES;
				IPHONEOS_DEPLOYMENT_TARGET = 15.5;
				MTL_ENABLE_DEBUG_INFO = INCLUDE_SOURCE;
				MTL_FAST_MATH = YES;
				ONLY_ACTIVE_ARCH = YES;
				SDKROOT = iphoneos;
				SWIFT_ACTIVE_COMPILATION_CONDITIONS = DEBUG;
				SWIFT_OPTIMIZATION_LEVEL = "-Onone";
			};
			name = Debug;
		};
		B5665EDA2899999400A7942F /* Release */ = {
			isa = XCBuildConfiguration;
			buildSettings = {
				ALWAYS_SEARCH_USER_PATHS = NO;
				CLANG_ANALYZER_NONNULL = YES;
				CLANG_ANALYZER_NUMBER_OBJECT_CONVERSION = YES_AGGRESSIVE;
				CLANG_CXX_LANGUAGE_STANDARD = "gnu++17";
				CLANG_ENABLE_MODULES = YES;
				CLANG_ENABLE_OBJC_ARC = YES;
				CLANG_ENABLE_OBJC_WEAK = YES;
				CLANG_WARN_BLOCK_CAPTURE_AUTORELEASING = YES;
				CLANG_WARN_BOOL_CONVERSION = YES;
				CLANG_WARN_COMMA = YES;
				CLANG_WARN_CONSTANT_CONVERSION = YES;
				CLANG_WARN_DEPRECATED_OBJC_IMPLEMENTATIONS = YES;
				CLANG_WARN_DIRECT_OBJC_ISA_USAGE = YES_ERROR;
				CLANG_WARN_DOCUMENTATION_COMMENTS = YES;
				CLANG_WARN_EMPTY_BODY = YES;
				CLANG_WARN_ENUM_CONVERSION = YES;
				CLANG_WARN_INFINITE_RECURSION = YES;
				CLANG_WARN_INT_CONVERSION = YES;
				CLANG_WARN_NON_LITERAL_NULL_CONVERSION = YES;
				CLANG_WARN_OBJC_IMPLICIT_RETAIN_SELF = YES;
				CLANG_WARN_OBJC_LITERAL_CONVERSION = YES;
				CLANG_WARN_OBJC_ROOT_CLASS = YES_ERROR;
				CLANG_WARN_QUOTED_INCLUDE_IN_FRAMEWORK_HEADER = YES;
				CLANG_WARN_RANGE_LOOP_ANALYSIS = YES;
				CLANG_WARN_STRICT_PROTOTYPES = YES;
				CLANG_WARN_SUSPICIOUS_MOVE = YES;
				CLANG_WARN_UNGUARDED_AVAILABILITY = YES_AGGRESSIVE;
				CLANG_WARN_UNREACHABLE_CODE = YES;
				CLANG_WARN__DUPLICATE_METHOD_MATCH = YES;
				COPY_PHASE_STRIP = NO;
				DEBUG_INFORMATION_FORMAT = "dwarf-with-dsym";
				ENABLE_NS_ASSERTIONS = NO;
				ENABLE_STRICT_OBJC_MSGSEND = YES;
				GCC_C_LANGUAGE_STANDARD = gnu11;
				GCC_NO_COMMON_BLOCKS = YES;
				GCC_WARN_64_TO_32_BIT_CONVERSION = YES;
				GCC_WARN_ABOUT_RETURN_TYPE = YES_ERROR;
				GCC_WARN_UNDECLARED_SELECTOR = YES;
				GCC_WARN_UNINITIALIZED_AUTOS = YES_AGGRESSIVE;
				GCC_WARN_UNUSED_FUNCTION = YES;
				GCC_WARN_UNUSED_VARIABLE = YES;
				IPHONEOS_DEPLOYMENT_TARGET = 15.5;
				MTL_ENABLE_DEBUG_INFO = NO;
				MTL_FAST_MATH = YES;
				SDKROOT = iphoneos;
				SWIFT_COMPILATION_MODE = wholemodule;
				SWIFT_OPTIMIZATION_LEVEL = "-O";
				VALIDATE_PRODUCT = YES;
			};
			name = Release;
		};
		B5665EDC2899999400A7942F /* Debug */ = {
			isa = XCBuildConfiguration;
			buildSettings = {
				ASSETCATALOG_COMPILER_APPICON_NAME = AppIcon;
				ASSETCATALOG_COMPILER_GLOBAL_ACCENT_COLOR_NAME = AccentColor;
				CODE_SIGN_STYLE = Automatic;
				CURRENT_PROJECT_VERSION = 1;
				DEVELOPMENT_ASSET_PATHS = "\"CoffeeCurator/Preview Content\"";
				DEVELOPMENT_TEAM = RY35QWC9X4;
				ENABLE_PREVIEWS = YES;
				GENERATE_INFOPLIST_FILE = YES;
				INFOPLIST_FILE = CoffeeCurator/Info.plist;
				INFOPLIST_KEY_UIApplicationSceneManifest_Generation = YES;
				INFOPLIST_KEY_UIApplicationSupportsIndirectInputEvents = YES;
				INFOPLIST_KEY_UILaunchScreen_Generation = YES;
				INFOPLIST_KEY_UISupportedInterfaceOrientations_iPad = "UIInterfaceOrientationPortrait UIInterfaceOrientationPortraitUpsideDown UIInterfaceOrientationLandscapeLeft UIInterfaceOrientationLandscapeRight";
				INFOPLIST_KEY_UISupportedInterfaceOrientations_iPhone = "UIInterfaceOrientationPortrait UIInterfaceOrientationLandscapeLeft UIInterfaceOrientationLandscapeRight";
				IPHONEOS_DEPLOYMENT_TARGET = 15.4;
				LD_RUNPATH_SEARCH_PATHS = (
					"$(inherited)",
					"@executable_path/Frameworks",
				);
				MARKETING_VERSION = 1.0;
				PRODUCT_BUNDLE_IDENTIFIER = com.assel.CoffeeCurator;
				PRODUCT_NAME = "$(TARGET_NAME)";
				SWIFT_EMIT_LOC_STRINGS = YES;
				SWIFT_VERSION = 5.0;
				TARGETED_DEVICE_FAMILY = "1,2";
			};
			name = Debug;
		};
		B5665EDD2899999400A7942F /* Release */ = {
			isa = XCBuildConfiguration;
			buildSettings = {
				ASSETCATALOG_COMPILER_APPICON_NAME = AppIcon;
				ASSETCATALOG_COMPILER_GLOBAL_ACCENT_COLOR_NAME = AccentColor;
				CODE_SIGN_STYLE = Automatic;
				CURRENT_PROJECT_VERSION = 1;
				DEVELOPMENT_ASSET_PATHS = "\"CoffeeCurator/Preview Content\"";
				DEVELOPMENT_TEAM = RY35QWC9X4;
				ENABLE_PREVIEWS = YES;
				GENERATE_INFOPLIST_FILE = YES;
				INFOPLIST_FILE = CoffeeCurator/Info.plist;
				INFOPLIST_KEY_UIApplicationSceneManifest_Generation = YES;
				INFOPLIST_KEY_UIApplicationSupportsIndirectInputEvents = YES;
				INFOPLIST_KEY_UILaunchScreen_Generation = YES;
				INFOPLIST_KEY_UISupportedInterfaceOrientations_iPad = "UIInterfaceOrientationPortrait UIInterfaceOrientationPortraitUpsideDown UIInterfaceOrientationLandscapeLeft UIInterfaceOrientationLandscapeRight";
				INFOPLIST_KEY_UISupportedInterfaceOrientations_iPhone = "UIInterfaceOrientationPortrait UIInterfaceOrientationLandscapeLeft UIInterfaceOrientationLandscapeRight";
				IPHONEOS_DEPLOYMENT_TARGET = 15.4;
				LD_RUNPATH_SEARCH_PATHS = (
					"$(inherited)",
					"@executable_path/Frameworks",
				);
				MARKETING_VERSION = 1.0;
				PRODUCT_BUNDLE_IDENTIFIER = com.assel.CoffeeCurator;
				PRODUCT_NAME = "$(TARGET_NAME)";
				SWIFT_EMIT_LOC_STRINGS = YES;
				SWIFT_VERSION = 5.0;
				TARGETED_DEVICE_FAMILY = "1,2";
			};
			name = Release;
		};
/* End XCBuildConfiguration section */

/* Begin XCConfigurationList section */
		B5665EC82899999200A7942F /* Build configuration list for PBXProject "CoffeeCurator" */ = {
			isa = XCConfigurationList;
			buildConfigurations = (
				B5665ED92899999400A7942F /* Debug */,
				B5665EDA2899999400A7942F /* Release */,
			);
			defaultConfigurationIsVisible = 0;
			defaultConfigurationName = Release;
		};
		B5665EDB2899999400A7942F /* Build configuration list for PBXNativeTarget "CoffeeCurator" */ = {
			isa = XCConfigurationList;
			buildConfigurations = (
				B5665EDC2899999400A7942F /* Debug */,
				B5665EDD2899999400A7942F /* Release */,
			);
			defaultConfigurationIsVisible = 0;
			defaultConfigurationName = Release;
		};
/* End XCConfigurationList section */

/* Begin XCRemoteSwiftPackageReference section */
		6F8A12AE28A1A883002B9837 /* XCRemoteSwiftPackageReference "Kingfisher" */ = {
			isa = XCRemoteSwiftPackageReference;
			repositoryURL = "https://github.com/onevcat/Kingfisher.git";
			requirement = {
				branch = master;
				kind = branch;
			};
		};
		6FF8F87B289C2C44004FB90E /* XCRemoteSwiftPackageReference "firebase-ios-sdk" */ = {
			isa = XCRemoteSwiftPackageReference;
			repositoryURL = "https://github.com/firebase/firebase-ios-sdk";
			requirement = {
				branch = master;
				kind = branch;
			};
		};
/* End XCRemoteSwiftPackageReference section */

/* Begin XCSwiftPackageProductDependency section */
		6F8A12AF28A1A883002B9837 /* Kingfisher */ = {
			isa = XCSwiftPackageProductDependency;
			package = 6F8A12AE28A1A883002B9837 /* XCRemoteSwiftPackageReference "Kingfisher" */;
			productName = Kingfisher;
		};
		6FF8F87C289C2C44004FB90E /* FirebaseAuth */ = {
			isa = XCSwiftPackageProductDependency;
			package = 6FF8F87B289C2C44004FB90E /* XCRemoteSwiftPackageReference "firebase-ios-sdk" */;
			productName = FirebaseAuth;
		};
		6FF8F87E289C2C44004FB90E /* FirebaseAuthCombine-Community */ = {
			isa = XCSwiftPackageProductDependency;
			package = 6FF8F87B289C2C44004FB90E /* XCRemoteSwiftPackageReference "firebase-ios-sdk" */;
			productName = "FirebaseAuthCombine-Community";
		};
		6FF8F880289C2C44004FB90E /* FirebaseDatabase */ = {
			isa = XCSwiftPackageProductDependency;
			package = 6FF8F87B289C2C44004FB90E /* XCRemoteSwiftPackageReference "firebase-ios-sdk" */;
			productName = FirebaseDatabase;
		};
		6FF8F882289C2C44004FB90E /* FirebaseDatabaseSwift */ = {
			isa = XCSwiftPackageProductDependency;
			package = 6FF8F87B289C2C44004FB90E /* XCRemoteSwiftPackageReference "firebase-ios-sdk" */;
			productName = FirebaseDatabaseSwift;
		};
		6FF8F884289C2C44004FB90E /* FirebaseFirestore */ = {
			isa = XCSwiftPackageProductDependency;
			package = 6FF8F87B289C2C44004FB90E /* XCRemoteSwiftPackageReference "firebase-ios-sdk" */;
			productName = FirebaseFirestore;
		};
		6FF8F886289C2C44004FB90E /* FirebaseFirestoreCombine-Community */ = {
			isa = XCSwiftPackageProductDependency;
			package = 6FF8F87B289C2C44004FB90E /* XCRemoteSwiftPackageReference "firebase-ios-sdk" */;
			productName = "FirebaseFirestoreCombine-Community";
		};
		6FF8F888289C2C44004FB90E /* FirebaseFirestoreSwift */ = {
			isa = XCSwiftPackageProductDependency;
			package = 6FF8F87B289C2C44004FB90E /* XCRemoteSwiftPackageReference "firebase-ios-sdk" */;
			productName = FirebaseFirestoreSwift;
		};
		6FF8F88A289C2C44004FB90E /* FirebaseFunctions */ = {
			isa = XCSwiftPackageProductDependency;
			package = 6FF8F87B289C2C44004FB90E /* XCRemoteSwiftPackageReference "firebase-ios-sdk" */;
			productName = FirebaseFunctions;
		};
		6FF8F88C289C2C44004FB90E /* FirebaseFunctionsCombine-Community */ = {
			isa = XCSwiftPackageProductDependency;
			package = 6FF8F87B289C2C44004FB90E /* XCRemoteSwiftPackageReference "firebase-ios-sdk" */;
			productName = "FirebaseFunctionsCombine-Community";
		};
		6FF8F88E289C2C44004FB90E /* FirebaseStorage */ = {
			isa = XCSwiftPackageProductDependency;
			package = 6FF8F87B289C2C44004FB90E /* XCRemoteSwiftPackageReference "firebase-ios-sdk" */;
			productName = FirebaseStorage;
		};
/* End XCSwiftPackageProductDependency section */
	};
	rootObject = B5665EC52899999200A7942F /* Project object */;
}
